
Microsoft Visual Studio Solution File, Format Version 12.00
# Visual Studio Version 17
VisualStudioVersion = 17.11.35222.181
MinimumVisualStudioVersion = 10.0.40219.1
Project("{FAE04EC0-301F-11D3-BF4B-00C04F79EFBC}") = "Data", "Data\Data.csproj", "{6F5E6A66-4493-4E01-954C-FF20E1FA52C8}"
EndProject
Project("{FAE04EC0-301F-11D3-BF4B-00C04F79EFBC}") = "Logic", "Logic\Logic.csproj", "{4029E26F-4C8D-4B35-B79E-7792A93CB20A}"
EndProject
Project("{FAE04EC0-301F-11D3-BF4B-00C04F79EFBC}") = "Presentation", "Presentation\Presentation.csproj", "{F4D01C3D-38AD-4917-AB57-B9E64D9D89CE}"
EndProject
Global
	GlobalSection(SolutionConfigurationPlatforms) = preSolution
		Debug|Any CPU = Debug|Any CPU
		Release|Any CPU = Release|Any CPU
	EndGlobalSection
	GlobalSection(ProjectConfigurationPlatforms) = postSolution
		{6F5E6A66-4493-4E01-954C-FF20E1FA52C8}.Debug|Any CPU.ActiveCfg = Debug|Any CPU
		{6F5E6A66-4493-4E01-954C-FF20E1FA52C8}.Debug|Any CPU.Build.0 = Debug|Any CPU
		{6F5E6A66-4493-4E01-954C-FF20E1FA52C8}.Release|Any CPU.ActiveCfg = Release|Any CPU
		{6F5E6A66-4493-4E01-954C-FF20E1FA52C8}.Release|Any CPU.Build.0 = Release|Any CPU
		{4029E26F-4C8D-4B35-B79E-7792A93CB20A}.Debug|Any CPU.ActiveCfg = Debug|Any CPU
		{4029E26F-4C8D-4B35-B79E-7792A93CB20A}.Debug|Any CPU.Build.0 = Debug|Any CPU
		{4029E26F-4C8D-4B35-B79E-7792A93CB20A}.Release|Any CPU.ActiveCfg = Release|Any CPU
		{4029E26F-4C8D-4B35-B79E-7792A93CB20A}.Release|Any CPU.Build.0 = Release|Any CPU
		{F4D01C3D-38AD-4917-AB57-B9E64D9D89CE}.Debug|Any CPU.ActiveCfg = Debug|Any CPU
		{F4D01C3D-38AD-4917-AB57-B9E64D9D89CE}.Debug|Any CPU.Build.0 = Debug|Any CPU
		{F4D01C3D-38AD-4917-AB57-B9E64D9D89CE}.Release|Any CPU.ActiveCfg = Release|Any CPU
		{F4D01C3D-38AD-4917-AB57-B9E64D9D89CE}.Release|Any CPU.Build.0 = Release|Any CPU
	EndGlobalSection
	GlobalSection(SolutionProperties) = preSolution
		HideSolutionNode = FALSE
	EndGlobalSection
	GlobalSection(ExtensibilityGlobals) = postSolution
		SolutionGuid = {5B3F9A04-4144-4CBA-9321-A8047B85FFF1}
	EndGlobalSection
EndGlobal
